
Microsoft Visual Studio Solution File, Format Version 12.00
# Visual Studio Version 17
VisualStudioVersion = 17.4.33122.133
MinimumVisualStudioVersion = 10.0.40219.1
Project("{FAE04EC0-301F-11D3-BF4B-00C04F79EFBC}") = "RecipeList", "RecipeList\RecipeList.csproj", "{777CD63B-815D-4FE4-9FD3-4A69612B90B0}"
EndProject
Global
	GlobalSection(SolutionConfigurationPlatforms) = preSolution
		Debug|Any CPU = Debug|Any CPU
		Release|Any CPU = Release|Any CPU
	EndGlobalSection
	GlobalSection(ProjectConfigurationPlatforms) = postSolution
		{777CD63B-815D-4FE4-9FD3-4A69612B90B0}.Debug|Any CPU.ActiveCfg = Debug|Any CPU
		{777CD63B-815D-4FE4-9FD3-4A69612B90B0}.Debug|Any CPU.Build.0 = Debug|Any CPU
		{777CD63B-815D-4FE4-9FD3-4A69612B90B0}.Release|Any CPU.ActiveCfg = Release|Any CPU
		{777CD63B-815D-4FE4-9FD3-4A69612B90B0}.Release|Any CPU.Build.0 = Release|Any CPU
	EndGlobalSection
	GlobalSection(SolutionProperties) = preSolution
		HideSolutionNode = FALSE
	EndGlobalSection
	GlobalSection(ExtensibilityGlobals) = postSolution
		SolutionGuid = {E640F36B-51DC-4616-8134-D4023B05E5F9}
	EndGlobalSection
EndGlobal
